
Microsoft Visual Studio Solution File, Format Version 12.00
# Visual Studio 15
VisualStudioVersion = 15.0.28010.2050
MinimumVisualStudioVersion = 10.0.40219.1
Project("{FAE04EC0-301F-11D3-BF4B-00C04F79EFBC}") = "GraphAnalyser", "GraphAnalyser\GraphAnalyser.csproj", "{AC7428BB-26FB-4136-9624-61B2CDCCC386}"
EndProject
Project("{2150E333-8FDC-42A3-9474-1A3956D46DE8}") = "01.Common", "01.Common", "{EB4A48EA-7460-49B4-93EE-E2285505ED41}"
EndProject
Project("{2150E333-8FDC-42A3-9474-1A3956D46DE8}") = "02.Domain", "02.Domain", "{62A73A1E-3D63-41C8-AAAE-BA7E802787CB}"
EndProject
Project("{2150E333-8FDC-42A3-9474-1A3956D46DE8}") = "03.Data", "03.Data", "{7142A38A-04B0-49DE-A29F-AD01D37DB04F}"
EndProject
Project("{2150E333-8FDC-42A3-9474-1A3956D46DE8}") = "10.Client", "10.Client", "{596B16E9-1743-49B8-BE71-19EE25F18D82}"
EndProject
Project("{2150E333-8FDC-42A3-9474-1A3956D46DE8}") = "99.Tests", "99.Tests", "{53BCACE2-F320-4249-AC22-D1E7585D7DF6}"
EndProject
Project("{FAE04EC0-301F-11D3-BF4B-00C04F79EFBC}") = "Domain", "Domain\Domain.csproj", "{6CDAAE9A-A496-4F2C-8DE6-A272ABC15EDF}"
EndProject
Global
	GlobalSection(SolutionConfigurationPlatforms) = preSolution
		Debug|Any CPU = Debug|Any CPU
		Release|Any CPU = Release|Any CPU
	EndGlobalSection
	GlobalSection(ProjectConfigurationPlatforms) = postSolution
		{AC7428BB-26FB-4136-9624-61B2CDCCC386}.Debug|Any CPU.ActiveCfg = Debug|Any CPU
		{AC7428BB-26FB-4136-9624-61B2CDCCC386}.Debug|Any CPU.Build.0 = Debug|Any CPU
		{AC7428BB-26FB-4136-9624-61B2CDCCC386}.Release|Any CPU.ActiveCfg = Release|Any CPU
		{AC7428BB-26FB-4136-9624-61B2CDCCC386}.Release|Any CPU.Build.0 = Release|Any CPU
		{6CDAAE9A-A496-4F2C-8DE6-A272ABC15EDF}.Debug|Any CPU.ActiveCfg = Debug|Any CPU
		{6CDAAE9A-A496-4F2C-8DE6-A272ABC15EDF}.Debug|Any CPU.Build.0 = Debug|Any CPU
		{6CDAAE9A-A496-4F2C-8DE6-A272ABC15EDF}.Release|Any CPU.ActiveCfg = Release|Any CPU
		{6CDAAE9A-A496-4F2C-8DE6-A272ABC15EDF}.Release|Any CPU.Build.0 = Release|Any CPU
	EndGlobalSection
	GlobalSection(SolutionProperties) = preSolution
		HideSolutionNode = FALSE
	EndGlobalSection
	GlobalSection(NestedProjects) = preSolution
		{AC7428BB-26FB-4136-9624-61B2CDCCC386} = {596B16E9-1743-49B8-BE71-19EE25F18D82}
		{6CDAAE9A-A496-4F2C-8DE6-A272ABC15EDF} = {62A73A1E-3D63-41C8-AAAE-BA7E802787CB}
	EndGlobalSection
	GlobalSection(ExtensibilityGlobals) = postSolution
		SolutionGuid = {6E6AA502-62EA-4231-911A-503762D0BF88}
	EndGlobalSection
EndGlobal
