
Microsoft Visual Studio Solution File, Format Version 12.00
# Visual Studio 15
VisualStudioVersion = 15.0.28010.2050
MinimumVisualStudioVersion = 10.0.40219.1
Project("{FAE04EC0-301F-11D3-BF4B-00C04F79EFBC}") = "GraphAnalyser", "GraphAnalyser\GraphAnalyser.csproj", "{AC7428BB-26FB-4136-9624-61B2CDCCC386}"
EndProject
Global
	GlobalSection(SolutionConfigurationPlatforms) = preSolution
		Debug|Any CPU = Debug|Any CPU
		Release|Any CPU = Release|Any CPU
	EndGlobalSection
	GlobalSection(ProjectConfigurationPlatforms) = postSolution
		{AC7428BB-26FB-4136-9624-61B2CDCCC386}.Debug|Any CPU.ActiveCfg = Debug|Any CPU
		{AC7428BB-26FB-4136-9624-61B2CDCCC386}.Debug|Any CPU.Build.0 = Debug|Any CPU
		{AC7428BB-26FB-4136-9624-61B2CDCCC386}.Release|Any CPU.ActiveCfg = Release|Any CPU
		{AC7428BB-26FB-4136-9624-61B2CDCCC386}.Release|Any CPU.Build.0 = Release|Any CPU
	EndGlobalSection
	GlobalSection(SolutionProperties) = preSolution
		HideSolutionNode = FALSE
	EndGlobalSection
	GlobalSection(ExtensibilityGlobals) = postSolution
		SolutionGuid = {6E6AA502-62EA-4231-911A-503762D0BF88}
	EndGlobalSection
EndGlobal
